<?xml version="1.0" encoding="utf-8"?>
<Project ToolsVersion="4.0" xmlns="http://schemas.microsoft.com/developer/msbuild/2003">
  <ItemGroup>
    <Filter Include="Database">
      <UniqueIdentifier>{dfc6a6f1-a89f-4bde-a41c-d0e57a45eb59}</UniqueIdentifier>
    </Filter>
    <Filter Include="Account">
      <UniqueIdentifier>{61f57cbc-e2ef-4e3d-b207-f29b9fbb18ec}</UniqueIdentifier>
    </Filter>
    <Filter Include="Map">
      <UniqueIdentifier>{21af067a-4ca3-4659-8c19-821b6e0b038d}</UniqueIdentifier>
    </Filter>
    <Filter Include="UI">
      <UniqueIdentifier>{797d2d9b-6ef3-4dad-aa4e-c9bb997db025}</UniqueIdentifier>
    </Filter>
  </ItemGroup>
  <ItemGroup>
    <ClCompile Include="MapFunctions.cpp">
      <Filter>Map</Filter>
    </ClCompile>
    <ClCompile Include="MapInfo.cpp">
      <Filter>Map</Filter>
    </ClCompile>
    <ClCompile Include="MapCodeParser.cpp">
      <Filter>Map</Filter>
    </ClCompile>
    <ClCompile Include="DataSource.cpp">
      <Filter>Database</Filter>
    </ClCompile>
    <ClCompile Include="MapManager.cpp">
      <Filter>Map</Filter>
    </ClCompile>
    <ClCompile Include="Account.cpp">
      <Filter>Account</Filter>
    </ClCompile>
    <ClCompile Include="Plugin.cpp" />
    <ClCompile Include="RPCServer.cpp" />
    <ClCompile Include="DialogManager.cpp">
      <Filter>UI</Filter>
    </ClCompile>
    <ClCompile Include="GameServer.cpp" />
    <ClCompile Include="EncodingUtility.cpp">
      <Filter>Database</Filter>
    </ClCompile>
    <ClCompile Include="sha1.cpp">
      <Filter>Database</Filter>
    </ClCompile>
    <ClCompile Include="AccountManager.cpp">
      <Filter>Account</Filter>
    </ClCompile>
  </ItemGroup>
  <ItemGroup>
    <ClInclude Include="MapManager.h">
      <Filter>Map</Filter>
    </ClInclude>
    <ClInclude Include="MapInfo.h">
      <Filter>Map</Filter>
    </ClInclude>
    <ClInclude Include="DataSource.h">
      <Filter>Database</Filter>
    </ClInclude>
    <ClInclude Include="MapFunctions.h">
      <Filter>Map</Filter>
    </ClInclude>
    <ClInclude Include="MapCodeParser.h">
      <Filter>Map</Filter>
    </ClInclude>
    <ClInclude Include="Account.h">
      <Filter>Account</Filter>
    </ClInclude>
    <ClInclude Include="DialogManager.h">
      <Filter>UI</Filter>
    </ClInclude>
    <ClInclude Include="AccountManager.h">
      <Filter>Account</Filter>
    </ClInclude>
    <ClInclude Include="GameServer.h" />
    <ClInclude Include="EncodingUtility.h">
      <Filter>Database</Filter>
    </ClInclude>
    <ClInclude Include="sha1.h">
      <Filter>Database</Filter>
    </ClInclude>
    <ClInclude Include="AccountInfo.h">
      <Filter>Account</Filter>
    </ClInclude>
  </ItemGroup>
  <ItemGroup>
    <None Include="Export.def" />
  </ItemGroup>
</Project>